
Microsoft Visual Studio Solution File, Format Version 12.00
# Visual Studio Version 17
VisualStudioVersion = 17.4.33205.214
MinimumVisualStudioVersion = 10.0.40219.1
Project("{9A19103F-16F7-4668-BE54-9A1E7A4F7556}") = "CQRS.Core", "CQRS.Core.csproj", "{BE83F069-C2AC-4738-9664-9A6D5CB840EF}"
EndProject
Global
	GlobalSection(SolutionConfigurationPlatforms) = preSolution
		Debug|Any CPU = Debug|Any CPU
		Release|Any CPU = Release|Any CPU
	EndGlobalSection
	GlobalSection(ProjectConfigurationPlatforms) = postSolution
		{BE83F069-C2AC-4738-9664-9A6D5CB840EF}.Debug|Any CPU.ActiveCfg = Debug|Any CPU
		{BE83F069-C2AC-4738-9664-9A6D5CB840EF}.Debug|Any CPU.Build.0 = Debug|Any CPU
		{BE83F069-C2AC-4738-9664-9A6D5CB840EF}.Release|Any CPU.ActiveCfg = Release|Any CPU
		{BE83F069-C2AC-4738-9664-9A6D5CB840EF}.Release|Any CPU.Build.0 = Release|Any CPU
	EndGlobalSection
	GlobalSection(SolutionProperties) = preSolution
		HideSolutionNode = FALSE
	EndGlobalSection
	GlobalSection(ExtensibilityGlobals) = postSolution
		SolutionGuid = {46B9FB14-0DDB-4D9B-997B-83AC23B7E88D}
	EndGlobalSection
EndGlobal
