
Microsoft Visual Studio Solution File, Format Version 12.00
# Visual Studio Version 17
VisualStudioVersion = 17.4.33205.214
MinimumVisualStudioVersion = 10.0.40219.1
Project("{2150E333-8FDC-42A3-9474-1A3956D46DE8}") = "CQRS-ES", "CQRS-ES", "{E0E2FDD8-864A-40F6-B9FC-229F24D5EF0F}"
EndProject
Project("{9A19103F-16F7-4668-BE54-9A1E7A4F7556}") = "CQRS.Core", "CQRS-ES\CQRS.Core\CQRS.Core.csproj", "{8AA80DD6-37FD-481E-8C7E-5B342ACCCE5E}"
EndProject
Project("{2150E333-8FDC-42A3-9474-1A3956D46DE8}") = "SM-Post", "SM-Post", "{CFB3C8D0-1E68-4D03-8C48-0662F2F25014}"
EndProject
Project("{2150E333-8FDC-42A3-9474-1A3956D46DE8}") = "Post.Cmd", "Post.Cmd", "{CA78ED93-3823-4227-AF29-139CE2A99EE0}"
EndProject
Project("{9A19103F-16F7-4668-BE54-9A1E7A4F7556}") = "Post.Cmd.Api", "SM-Post\Post.Cmd\Post.Cmd.Api\Post.Cmd.Api.csproj", "{99648CFA-F5BE-4816-A078-E776BF65792A}"
EndProject
Project("{9A19103F-16F7-4668-BE54-9A1E7A4F7556}") = "Post.Cmd.Domain", "SM-Post\Post.Cmd\Post.Cmd.Domain\Post.Cmd.Domain.csproj", "{0426B4CB-AEBB-4581-B41B-4A2DF98B34E6}"
EndProject
Project("{9A19103F-16F7-4668-BE54-9A1E7A4F7556}") = "Post.Cmd.Infrastructure", "SM-Post\Post.Cmd\Post.Cmd.Infrastructure\Post.Cmd.Infrastructure.csproj", "{22EC13B2-4E95-481A-A488-496E93AA3656}"
EndProject
Project("{2150E333-8FDC-42A3-9474-1A3956D46DE8}") = "Post.Common", "Post.Common", "{0B6D1A23-BB1E-4B5D-8B2F-D25E0CC2CB4E}"
EndProject
Project("{9A19103F-16F7-4668-BE54-9A1E7A4F7556}") = "Post.Query.Api", "SM-Post\Post.Query\Post.Query.Api\Post.Query.Api.csproj", "{E74FC6D0-D909-44C8-BFA0-DE47810908F1}"
EndProject
Project("{2150E333-8FDC-42A3-9474-1A3956D46DE8}") = "Post.Query", "Post.Query", "{5D867347-57C9-4EF8-A1FF-21CC33500114}"
EndProject
Project("{9A19103F-16F7-4668-BE54-9A1E7A4F7556}") = "Post.Query.Domain", "SM-Post\Post.Query\Post.Query.Domain\Post.Query.Domain.csproj", "{06BC10DD-745F-4EC9-B8DE-7A4D7A6DE722}"
EndProject
Project("{9A19103F-16F7-4668-BE54-9A1E7A4F7556}") = "Post.Query.Infrastructure", "SM-Post\Post.Query\Post.Query.Infrastructure\Post.Query.Infrastructure.csproj", "{4F79B67A-756C-46EA-9384-B88E9D395A7E}"
EndProject
Project("{9A19103F-16F7-4668-BE54-9A1E7A4F7556}") = "Post.Common", "SM-Post\Post.Common\Post.Common.csproj", "{ACAF72D9-E505-46A0-9E17-E6C42B1700D8}"
EndProject
Global
	GlobalSection(SolutionConfigurationPlatforms) = preSolution
		Debug|Any CPU = Debug|Any CPU
		Release|Any CPU = Release|Any CPU
	EndGlobalSection
	GlobalSection(ProjectConfigurationPlatforms) = postSolution
		{8AA80DD6-37FD-481E-8C7E-5B342ACCCE5E}.Debug|Any CPU.ActiveCfg = Debug|Any CPU
		{8AA80DD6-37FD-481E-8C7E-5B342ACCCE5E}.Debug|Any CPU.Build.0 = Debug|Any CPU
		{8AA80DD6-37FD-481E-8C7E-5B342ACCCE5E}.Release|Any CPU.ActiveCfg = Release|Any CPU
		{8AA80DD6-37FD-481E-8C7E-5B342ACCCE5E}.Release|Any CPU.Build.0 = Release|Any CPU
		{99648CFA-F5BE-4816-A078-E776BF65792A}.Debug|Any CPU.ActiveCfg = Debug|Any CPU
		{99648CFA-F5BE-4816-A078-E776BF65792A}.Debug|Any CPU.Build.0 = Debug|Any CPU
		{99648CFA-F5BE-4816-A078-E776BF65792A}.Release|Any CPU.ActiveCfg = Release|Any CPU
		{99648CFA-F5BE-4816-A078-E776BF65792A}.Release|Any CPU.Build.0 = Release|Any CPU
		{0426B4CB-AEBB-4581-B41B-4A2DF98B34E6}.Debug|Any CPU.ActiveCfg = Debug|Any CPU
		{0426B4CB-AEBB-4581-B41B-4A2DF98B34E6}.Debug|Any CPU.Build.0 = Debug|Any CPU
		{0426B4CB-AEBB-4581-B41B-4A2DF98B34E6}.Release|Any CPU.ActiveCfg = Release|Any CPU
		{0426B4CB-AEBB-4581-B41B-4A2DF98B34E6}.Release|Any CPU.Build.0 = Release|Any CPU
		{22EC13B2-4E95-481A-A488-496E93AA3656}.Debug|Any CPU.ActiveCfg = Debug|Any CPU
		{22EC13B2-4E95-481A-A488-496E93AA3656}.Debug|Any CPU.Build.0 = Debug|Any CPU
		{22EC13B2-4E95-481A-A488-496E93AA3656}.Release|Any CPU.ActiveCfg = Release|Any CPU
		{22EC13B2-4E95-481A-A488-496E93AA3656}.Release|Any CPU.Build.0 = Release|Any CPU
		{E74FC6D0-D909-44C8-BFA0-DE47810908F1}.Debug|Any CPU.ActiveCfg = Debug|Any CPU
		{E74FC6D0-D909-44C8-BFA0-DE47810908F1}.Debug|Any CPU.Build.0 = Debug|Any CPU
		{E74FC6D0-D909-44C8-BFA0-DE47810908F1}.Release|Any CPU.ActiveCfg = Release|Any CPU
		{E74FC6D0-D909-44C8-BFA0-DE47810908F1}.Release|Any CPU.Build.0 = Release|Any CPU
		{06BC10DD-745F-4EC9-B8DE-7A4D7A6DE722}.Debug|Any CPU.ActiveCfg = Debug|Any CPU
		{06BC10DD-745F-4EC9-B8DE-7A4D7A6DE722}.Debug|Any CPU.Build.0 = Debug|Any CPU
		{06BC10DD-745F-4EC9-B8DE-7A4D7A6DE722}.Release|Any CPU.ActiveCfg = Release|Any CPU
		{06BC10DD-745F-4EC9-B8DE-7A4D7A6DE722}.Release|Any CPU.Build.0 = Release|Any CPU
		{4F79B67A-756C-46EA-9384-B88E9D395A7E}.Debug|Any CPU.ActiveCfg = Debug|Any CPU
		{4F79B67A-756C-46EA-9384-B88E9D395A7E}.Debug|Any CPU.Build.0 = Debug|Any CPU
		{4F79B67A-756C-46EA-9384-B88E9D395A7E}.Release|Any CPU.ActiveCfg = Release|Any CPU
		{4F79B67A-756C-46EA-9384-B88E9D395A7E}.Release|Any CPU.Build.0 = Release|Any CPU
		{ACAF72D9-E505-46A0-9E17-E6C42B1700D8}.Debug|Any CPU.ActiveCfg = Debug|Any CPU
		{ACAF72D9-E505-46A0-9E17-E6C42B1700D8}.Debug|Any CPU.Build.0 = Debug|Any CPU
		{ACAF72D9-E505-46A0-9E17-E6C42B1700D8}.Release|Any CPU.ActiveCfg = Release|Any CPU
		{ACAF72D9-E505-46A0-9E17-E6C42B1700D8}.Release|Any CPU.Build.0 = Release|Any CPU
	EndGlobalSection
	GlobalSection(SolutionProperties) = preSolution
		HideSolutionNode = FALSE
	EndGlobalSection
	GlobalSection(NestedProjects) = preSolution
		{8AA80DD6-37FD-481E-8C7E-5B342ACCCE5E} = {E0E2FDD8-864A-40F6-B9FC-229F24D5EF0F}
		{CA78ED93-3823-4227-AF29-139CE2A99EE0} = {CFB3C8D0-1E68-4D03-8C48-0662F2F25014}
		{99648CFA-F5BE-4816-A078-E776BF65792A} = {CA78ED93-3823-4227-AF29-139CE2A99EE0}
		{0426B4CB-AEBB-4581-B41B-4A2DF98B34E6} = {CA78ED93-3823-4227-AF29-139CE2A99EE0}
		{22EC13B2-4E95-481A-A488-496E93AA3656} = {CA78ED93-3823-4227-AF29-139CE2A99EE0}
		{0B6D1A23-BB1E-4B5D-8B2F-D25E0CC2CB4E} = {CFB3C8D0-1E68-4D03-8C48-0662F2F25014}
		{E74FC6D0-D909-44C8-BFA0-DE47810908F1} = {5D867347-57C9-4EF8-A1FF-21CC33500114}
		{5D867347-57C9-4EF8-A1FF-21CC33500114} = {CFB3C8D0-1E68-4D03-8C48-0662F2F25014}
		{06BC10DD-745F-4EC9-B8DE-7A4D7A6DE722} = {5D867347-57C9-4EF8-A1FF-21CC33500114}
		{4F79B67A-756C-46EA-9384-B88E9D395A7E} = {5D867347-57C9-4EF8-A1FF-21CC33500114}
		{ACAF72D9-E505-46A0-9E17-E6C42B1700D8} = {0B6D1A23-BB1E-4B5D-8B2F-D25E0CC2CB4E}
	EndGlobalSection
	GlobalSection(ExtensibilityGlobals) = postSolution
		SolutionGuid = {FAF55172-321F-4F86-A9B2-CA60C3712A6B}
	EndGlobalSection
EndGlobal
